
Microsoft Visual Studio Solution File, Format Version 12.00
# Visual Studio Version 17
VisualStudioVersion = 17.3.32929.385
MinimumVisualStudioVersion = 10.0.40219.1
Project("{FAE04EC0-301F-11D3-BF4B-00C04F79EFBC}") = "Wpf_Dekstop_UI", "Wpf_Dekstop_UI\Wpf_Dekstop_UI.csproj", "{9D00921C-BA71-460D-8C62-4C33A8EBC4D5}"
EndProject
Global
	GlobalSection(SolutionConfigurationPlatforms) = preSolution
		Debug|Any CPU = Debug|Any CPU
		Release|Any CPU = Release|Any CPU
	EndGlobalSection
	GlobalSection(ProjectConfigurationPlatforms) = postSolution
		{9D00921C-BA71-460D-8C62-4C33A8EBC4D5}.Debug|Any CPU.ActiveCfg = Debug|Any CPU
		{9D00921C-BA71-460D-8C62-4C33A8EBC4D5}.Debug|Any CPU.Build.0 = Debug|Any CPU
		{9D00921C-BA71-460D-8C62-4C33A8EBC4D5}.Release|Any CPU.ActiveCfg = Release|Any CPU
		{9D00921C-BA71-460D-8C62-4C33A8EBC4D5}.Release|Any CPU.Build.0 = Release|Any CPU
	EndGlobalSection
	GlobalSection(SolutionProperties) = preSolution
		HideSolutionNode = FALSE
	EndGlobalSection
	GlobalSection(ExtensibilityGlobals) = postSolution
		SolutionGuid = {2F402AE8-1534-4E60-9AE9-8B48A0211046}
	EndGlobalSection
EndGlobal
